
Microsoft Visual Studio Solution File, Format Version 12.00
# Visual Studio Version 17
VisualStudioVersion = 17.14.36301.6 d17.14
MinimumVisualStudioVersion = 10.0.40219.1
Project("{FAE04EC0-301F-11D3-BF4B-00C04F79EFBC}") = "oop PRINCIPAL", "oop PRINCIPAL.csproj", "{C290852E-2BCF-48BB-B730-5B5C80C40451}"
EndProject
Global
	GlobalSection(SolutionConfigurationPlatforms) = preSolution
		Debug|Any CPU = Debug|Any CPU
		Release|Any CPU = Release|Any CPU
	EndGlobalSection
	GlobalSection(ProjectConfigurationPlatforms) = postSolution
		{C290852E-2BCF-48BB-B730-5B5C80C40451}.Debug|Any CPU.ActiveCfg = Debug|Any CPU
		{C290852E-2BCF-48BB-B730-5B5C80C40451}.Debug|Any CPU.Build.0 = Debug|Any CPU
		{C290852E-2BCF-48BB-B730-5B5C80C40451}.Release|Any CPU.ActiveCfg = Release|Any CPU
		{C290852E-2BCF-48BB-B730-5B5C80C40451}.Release|Any CPU.Build.0 = Release|Any CPU
	EndGlobalSection
	GlobalSection(SolutionProperties) = preSolution
		HideSolutionNode = FALSE
	EndGlobalSection
	GlobalSection(ExtensibilityGlobals) = postSolution
		SolutionGuid = {0E34ED41-C147-4C16-8CBC-2F75DA256555}
	EndGlobalSection
EndGlobal
