
Microsoft Visual Studio Solution File, Format Version 12.00
# Visual Studio Version 17
VisualStudioVersion = 17.13.35931.197 d17.13
MinimumVisualStudioVersion = 10.0.40219.1
Project("{FAE04EC0-301F-11D3-BF4B-00C04F79EFBC}") = "LMS", "LMS.csproj", "{B9936F1A-7885-413B-822A-4240B0341750}"
EndProject
Global
	GlobalSection(SolutionConfigurationPlatforms) = preSolution
		Debug|Any CPU = Debug|Any CPU
		Release|Any CPU = Release|Any CPU
	EndGlobalSection
	GlobalSection(ProjectConfigurationPlatforms) = postSolution
		{B9936F1A-7885-413B-822A-4240B0341750}.Debug|Any CPU.ActiveCfg = Debug|Any CPU
		{B9936F1A-7885-413B-822A-4240B0341750}.Debug|Any CPU.Build.0 = Debug|Any CPU
		{B9936F1A-7885-413B-822A-4240B0341750}.Release|Any CPU.ActiveCfg = Release|Any CPU
		{B9936F1A-7885-413B-822A-4240B0341750}.Release|Any CPU.Build.0 = Release|Any CPU
	EndGlobalSection
	GlobalSection(SolutionProperties) = preSolution
		HideSolutionNode = FALSE
	EndGlobalSection
	GlobalSection(ExtensibilityGlobals) = postSolution
		SolutionGuid = {167F1B42-1C63-493E-9337-076404C748CF}
	EndGlobalSection
EndGlobal
