
Microsoft Visual Studio Solution File, Format Version 12.00
# Visual Studio Version 17
VisualStudioVersion = 17.13.35825.156 d17.13
MinimumVisualStudioVersion = 10.0.40219.1
Project("{FAE04EC0-301F-11D3-BF4B-00C04F79EFBC}") = "Dashboard_01", "Dashboard_01.csproj", "{884BEC12-5408-45CF-A077-428AFB26B91F}"
EndProject
Global
	GlobalSection(SolutionConfigurationPlatforms) = preSolution
		Debug|Any CPU = Debug|Any CPU
		Release|Any CPU = Release|Any CPU
	EndGlobalSection
	GlobalSection(ProjectConfigurationPlatforms) = postSolution
		{884BEC12-5408-45CF-A077-428AFB26B91F}.Debug|Any CPU.ActiveCfg = Debug|Any CPU
		{884BEC12-5408-45CF-A077-428AFB26B91F}.Debug|Any CPU.Build.0 = Debug|Any CPU
		{884BEC12-5408-45CF-A077-428AFB26B91F}.Release|Any CPU.ActiveCfg = Release|Any CPU
		{884BEC12-5408-45CF-A077-428AFB26B91F}.Release|Any CPU.Build.0 = Release|Any CPU
	EndGlobalSection
	GlobalSection(SolutionProperties) = preSolution
		HideSolutionNode = FALSE
	EndGlobalSection
	GlobalSection(ExtensibilityGlobals) = postSolution
		SolutionGuid = {BD8928D9-5231-43B8-9BFA-CBC3B09F8A74}
	EndGlobalSection
EndGlobal
